// !$*UTF8*$!
{
	archiveVersion = 1;
	classes = {
	};
	objectVersion = 50;
	objects = {

/* Begin PBXBuildFile section */
		0543626E20F321820099E641 /* AppDelegate.swift in Sources */ = {isa = PBXBuildFile; fileRef = 0543626D20F321820099E641 /* AppDelegate.swift */; };
		0543627020F321820099E641 /* ViewController.swift in Sources */ = {isa = PBXBuildFile; fileRef = 0543626F20F321820099E641 /* ViewController.swift */; };
		0543627320F321820099E641 /* Main.storyboard in Resources */ = {isa = PBXBuildFile; fileRef = 0543627120F321820099E641 /* Main.storyboard */; };
		0543627620F321820099E641 /* Calendar.xcdatamodeld in Sources */ = {isa = PBXBuildFile; fileRef = 0543627420F321820099E641 /* Calendar.xcdatamodeld */; };
		0543627820F3218A0099E641 /* Assets.xcassets in Resources */ = {isa = PBXBuildFile; fileRef = 0543627720F3218A0099E641 /* Assets.xcassets */; };
		0543627B20F3218A0099E641 /* LaunchScreen.storyboard in Resources */ = {isa = PBXBuildFile; fileRef = 0543627920F3218A0099E641 /* LaunchScreen.storyboard */; };
		05562A5E20F357CA00654A1B /* FSCalendar+Deprecated.m in Sources */ = {isa = PBXBuildFile; fileRef = 05562A3D20F357CA00654A1B /* FSCalendar+Deprecated.m */; };
		05562A5F20F357CA00654A1B /* FSCalendar.m in Sources */ = {isa = PBXBuildFile; fileRef = 05562A3F20F357CA00654A1B /* FSCalendar.m */; };
		05562A6020F357CA00654A1B /* FSCalendarAppearance.m in Sources */ = {isa = PBXBuildFile; fileRef = 05562A4120F357CA00654A1B /* FSCalendarAppearance.m */; };
		05562A6120F357CA00654A1B /* FSCalendarCalculator.m in Sources */ = {isa = PBXBuildFile; fileRef = 05562A4320F357CA00654A1B /* FSCalendarCalculator.m */; };
		05562A6220F357CA00654A1B /* FSCalendarCell.m in Sources */ = {isa = PBXBuildFile; fileRef = 05562A4520F357CA00654A1B /* FSCalendarCell.m */; };
		05562A6320F357CA00654A1B /* FSCalendarCollectionView.m in Sources */ = {isa = PBXBuildFile; fileRef = 05562A4720F357CA00654A1B /* FSCalendarCollectionView.m */; };
		05562A6420F357CA00654A1B /* FSCalendarCollectionViewLayout.m in Sources */ = {isa = PBXBuildFile; fileRef = 05562A4920F357CA00654A1B /* FSCalendarCollectionViewLayout.m */; };
		05562A6520F357CA00654A1B /* FSCalendarConstants.m in Sources */ = {isa = PBXBuildFile; fileRef = 05562A4B20F357CA00654A1B /* FSCalendarConstants.m */; };
		05562A6620F357CA00654A1B /* FSCalendarDelegationFactory.m in Sources */ = {isa = PBXBuildFile; fileRef = 05562A4D20F357CA00654A1B /* FSCalendarDelegationFactory.m */; };
		05562A6720F357CA00654A1B /* FSCalendarDelegationProxy.m in Sources */ = {isa = PBXBuildFile; fileRef = 05562A4F20F357CA00654A1B /* FSCalendarDelegationProxy.m */; };
		05562A6820F357CA00654A1B /* FSCalendarExtensions.m in Sources */ = {isa = PBXBuildFile; fileRef = 05562A5220F357CA00654A1B /* FSCalendarExtensions.m */; };
		05562A6920F357CA00654A1B /* FSCalendarHeaderView.m in Sources */ = {isa = PBXBuildFile; fileRef = 05562A5420F357CA00654A1B /* FSCalendarHeaderView.m */; };
		05562A6A20F357CA00654A1B /* FSCalendarScopeHandle.m in Sources */ = {isa = PBXBuildFile; fileRef = 05562A5620F357CA00654A1B /* FSCalendarScopeHandle.m */; };
		05562A6B20F357CA00654A1B /* FSCalendarStickyHeader.m in Sources */ = {isa = PBXBuildFile; fileRef = 05562A5820F357CA00654A1B /* FSCalendarStickyHeader.m */; };
		05562A6C20F357CA00654A1B /* FSCalendarTransitionCoordinator.m in Sources */ = {isa = PBXBuildFile; fileRef = 05562A5A20F357CA00654A1B /* FSCalendarTransitionCoordinator.m */; };
		05562A6D20F357CA00654A1B /* FSCalendarWeekdayView.m in Sources */ = {isa = PBXBuildFile; fileRef = 05562A5C20F357CA00654A1B /* FSCalendarWeekdayView.m */; };
		05562AB020F37E1000654A1B /* Info.plist in Resources */ = {isa = PBXBuildFile; fileRef = 05562AAF20F37E1000654A1B /* Info.plist */; };
		05C9DA9D20F32FB500D5BEAC /* VisitModel.swift in Sources */ = {isa = PBXBuildFile; fileRef = 05C9DA9C20F32FB500D5BEAC /* VisitModel.swift */; };
		05C9DA9F20F32FDA00D5BEAC /* EventTypeEnum.swift in Sources */ = {isa = PBXBuildFile; fileRef = 05C9DA9E20F32FDA00D5BEAC /* EventTypeEnum.swift */; };
		05EB4AEA20F3986B00B59DA0 /* DetailTableViewCell.swift in Sources */ = {isa = PBXBuildFile; fileRef = 05EB4AE920F3986B00B59DA0 /* DetailTableViewCell.swift */; };
		05FC5E0B20F48825002E6EC2 /* CustomCalendarCell.swift in Sources */ = {isa = PBXBuildFile; fileRef = 05FC5E0A20F48825002E6EC2 /* CustomCalendarCell.swift */; };
		05FC5E0D20F48A42002E6EC2 /* ModifiedCalendarVCViewController.swift in Sources */ = {isa = PBXBuildFile; fileRef = 05FC5E0C20F48A42002E6EC2 /* ModifiedCalendarVCViewController.swift */; };
		8765733CA2F5ADEFA3F5CBF0 /* Pods_Calendar.framework in Frameworks */ = {isa = PBXBuildFile; fileRef = 9452A95024C2D919B1089DE8 /* Pods_Calendar.framework */; };
/* End PBXBuildFile section */

/* Begin PBXFileReference section */
		0543626A20F321820099E641 /* Calendar.app */ = {isa = PBXFileReference; explicitFileType = wrapper.application; includeInIndex = 0; path = Calendar.app; sourceTree = BUILT_PRODUCTS_DIR; };
		0543626D20F321820099E641 /* AppDelegate.swift */ = {isa = PBXFileReference; lastKnownFileType = sourcecode.swift; path = AppDelegate.swift; sourceTree = "<group>"; };
		0543626F20F321820099E641 /* ViewController.swift */ = {isa = PBXFileReference; lastKnownFileType = sourcecode.swift; path = ViewController.swift; sourceTree = "<group>"; };
		0543627220F321820099E641 /* Base */ = {isa = PBXFileReference; lastKnownFileType = file.storyboard; name = Base; path = Base.lproj/Main.storyboard; sourceTree = "<group>"; };
		0543627520F321820099E641 /* Calendar.xcdatamodel */ = {isa = PBXFileReference; lastKnownFileType = wrapper.xcdatamodel; path = Calendar.xcdatamodel; sourceTree = "<group>"; };
		0543627720F3218A0099E641 /* Assets.xcassets */ = {isa = PBXFileReference; lastKnownFileType = folder.assetcatalog; path = Assets.xcassets; sourceTree = "<group>"; };
		0543627A20F3218A0099E641 /* Base */ = {isa = PBXFileReference; lastKnownFileType = file.storyboard; name = Base; path = Base.lproj/LaunchScreen.storyboard; sourceTree = "<group>"; };
		05562A3620F356B800654A1B /* Calendar-Bridging-Header.h */ = {isa = PBXFileReference; lastKnownFileType = sourcecode.c.h; path = "Calendar-Bridging-Header.h"; sourceTree = "<group>"; };
		05562A3D20F357CA00654A1B /* FSCalendar+Deprecated.m */ = {isa = PBXFileReference; fileEncoding = 4; lastKnownFileType = sourcecode.c.objc; path = "FSCalendar+Deprecated.m"; sourceTree = "<group>"; };
		05562A3E20F357CA00654A1B /* FSCalendar.h */ = {isa = PBXFileReference; fileEncoding = 4; lastKnownFileType = sourcecode.c.h; path = FSCalendar.h; sourceTree = "<group>"; };
		05562A3F20F357CA00654A1B /* FSCalendar.m */ = {isa = PBXFileReference; fileEncoding = 4; lastKnownFileType = sourcecode.c.objc; path = FSCalendar.m; sourceTree = "<group>"; };
		05562A4020F357CA00654A1B /* FSCalendarAppearance.h */ = {isa = PBXFileReference; fileEncoding = 4; lastKnownFileType = sourcecode.c.h; path = FSCalendarAppearance.h; sourceTree = "<group>"; };
		05562A4120F357CA00654A1B /* FSCalendarAppearance.m */ = {isa = PBXFileReference; fileEncoding = 4; lastKnownFileType = sourcecode.c.objc; path = FSCalendarAppearance.m; sourceTree = "<group>"; };
		05562A4220F357CA00654A1B /* FSCalendarCalculator.h */ = {isa = PBXFileReference; fileEncoding = 4; lastKnownFileType = sourcecode.c.h; path = FSCalendarCalculator.h; sourceTree = "<group>"; };
		05562A4320F357CA00654A1B /* FSCalendarCalculator.m */ = {isa = PBXFileReference; fileEncoding = 4; lastKnownFileType = sourcecode.c.objc; path = FSCalendarCalculator.m; sourceTree = "<group>"; };
		05562A4420F357CA00654A1B /* FSCalendarCell.h */ = {isa = PBXFileReference; fileEncoding = 4; lastKnownFileType = sourcecode.c.h; path = FSCalendarCell.h; sourceTree = "<group>"; };
		05562A4520F357CA00654A1B /* FSCalendarCell.m */ = {isa = PBXFileReference; fileEncoding = 4; lastKnownFileType = sourcecode.c.objc; path = FSCalendarCell.m; sourceTree = "<group>"; };
		05562A4620F357CA00654A1B /* FSCalendarCollectionView.h */ = {isa = PBXFileReference; fileEncoding = 4; lastKnownFileType = sourcecode.c.h; path = FSCalendarCollectionView.h; sourceTree = "<group>"; };
		05562A4720F357CA00654A1B /* FSCalendarCollectionView.m */ = {isa = PBXFileReference; fileEncoding = 4; lastKnownFileType = sourcecode.c.objc; path = FSCalendarCollectionView.m; sourceTree = "<group>"; };
		05562A4820F357CA00654A1B /* FSCalendarCollectionViewLayout.h */ = {isa = PBXFileReference; fileEncoding = 4; lastKnownFileType = sourcecode.c.h; path = FSCalendarCollectionViewLayout.h; sourceTree = "<group>"; };
		05562A4920F357CA00654A1B /* FSCalendarCollectionViewLayout.m */ = {isa = PBXFileReference; fileEncoding = 4; lastKnownFileType = sourcecode.c.objc; path = FSCalendarCollectionViewLayout.m; sourceTree = "<group>"; };
		05562A4A20F357CA00654A1B /* FSCalendarConstants.h */ = {isa = PBXFileReference; fileEncoding = 4; lastKnownFileType = sourcecode.c.h; path = FSCalendarConstants.h; sourceTree = "<group>"; };
		05562A4B20F357CA00654A1B /* FSCalendarConstants.m */ = {isa = PBXFileReference; fileEncoding = 4; lastKnownFileType = sourcecode.c.objc; path = FSCalendarConstants.m; sourceTree = "<group>"; };
		05562A4C20F357CA00654A1B /* FSCalendarDelegationFactory.h */ = {isa = PBXFileReference; fileEncoding = 4; lastKnownFileType = sourcecode.c.h; path = FSCalendarDelegationFactory.h; sourceTree = "<group>"; };
		05562A4D20F357CA00654A1B /* FSCalendarDelegationFactory.m */ = {isa = PBXFileReference; fileEncoding = 4; lastKnownFileType = sourcecode.c.objc; path = FSCalendarDelegationFactory.m; sourceTree = "<group>"; };
		05562A4E20F357CA00654A1B /* FSCalendarDelegationProxy.h */ = {isa = PBXFileReference; fileEncoding = 4; lastKnownFileType = sourcecode.c.h; path = FSCalendarDelegationProxy.h; sourceTree = "<group>"; };
		05562A4F20F357CA00654A1B /* FSCalendarDelegationProxy.m */ = {isa = PBXFileReference; fileEncoding = 4; lastKnownFileType = sourcecode.c.objc; path = FSCalendarDelegationProxy.m; sourceTree = "<group>"; };
		05562A5020F357CA00654A1B /* FSCalendarDynamicHeader.h */ = {isa = PBXFileReference; fileEncoding = 4; lastKnownFileType = sourcecode.c.h; path = FSCalendarDynamicHeader.h; sourceTree = "<group>"; };
		05562A5120F357CA00654A1B /* FSCalendarExtensions.h */ = {isa = PBXFileReference; fileEncoding = 4; lastKnownFileType = sourcecode.c.h; path = FSCalendarExtensions.h; sourceTree = "<group>"; };
		05562A5220F357CA00654A1B /* FSCalendarExtensions.m */ = {isa = PBXFileReference; fileEncoding = 4; lastKnownFileType = sourcecode.c.objc; path = FSCalendarExtensions.m; sourceTree = "<group>"; };
		05562A5320F357CA00654A1B /* FSCalendarHeaderView.h */ = {isa = PBXFileReference; fileEncoding = 4; lastKnownFileType = sourcecode.c.h; path = FSCalendarHeaderView.h; sourceTree = "<group>"; };
		05562A5420F357CA00654A1B /* FSCalendarHeaderView.m */ = {isa = PBXFileReference; fileEncoding = 4; lastKnownFileType = sourcecode.c.objc; path = FSCalendarHeaderView.m; sourceTree = "<group>"; };
		05562A5520F357CA00654A1B /* FSCalendarScopeHandle.h */ = {isa = PBXFileReference; fileEncoding = 4; lastKnownFileType = sourcecode.c.h; path = FSCalendarScopeHandle.h; sourceTree = "<group>"; };
		05562A5620F357CA00654A1B /* FSCalendarScopeHandle.m */ = {isa = PBXFileReference; fileEncoding = 4; lastKnownFileType = sourcecode.c.objc; path = FSCalendarScopeHandle.m; sourceTree = "<group>"; };
		05562A5720F357CA00654A1B /* FSCalendarStickyHeader.h */ = {isa = PBXFileReference; fileEncoding = 4; lastKnownFileType = sourcecode.c.h; path = FSCalendarStickyHeader.h; sourceTree = "<group>"; };
		05562A5820F357CA00654A1B /* FSCalendarStickyHeader.m */ = {isa = PBXFileReference; fileEncoding = 4; lastKnownFileType = sourcecode.c.objc; path = FSCalendarStickyHeader.m; sourceTree = "<group>"; };
		05562A5920F357CA00654A1B /* FSCalendarTransitionCoordinator.h */ = {isa = PBXFileReference; fileEncoding = 4; lastKnownFileType = sourcecode.c.h; path = FSCalendarTransitionCoordinator.h; sourceTree = "<group>"; };
		05562A5A20F357CA00654A1B /* FSCalendarTransitionCoordinator.m */ = {isa = PBXFileReference; fileEncoding = 4; lastKnownFileType = sourcecode.c.objc; path = FSCalendarTransitionCoordinator.m; sourceTree = "<group>"; };
		05562A5B20F357CA00654A1B /* FSCalendarWeekdayView.h */ = {isa = PBXFileReference; fileEncoding = 4; lastKnownFileType = sourcecode.c.h; path = FSCalendarWeekdayView.h; sourceTree = "<group>"; };
		05562A5C20F357CA00654A1B /* FSCalendarWeekdayView.m */ = {isa = PBXFileReference; fileEncoding = 4; lastKnownFileType = sourcecode.c.objc; path = FSCalendarWeekdayView.m; sourceTree = "<group>"; };
		05562A7420F37A1500654A1B /* Info.plist */ = {isa = PBXFileReference; lastKnownFileType = text.plist; path = Info.plist; sourceTree = "<group>"; };
		05562AAF20F37E1000654A1B /* Info.plist */ = {isa = PBXFileReference; fileEncoding = 4; lastKnownFileType = text.plist.xml; path = Info.plist; sourceTree = SOURCE_ROOT; };
		05C9DA9C20F32FB500D5BEAC /* VisitModel.swift */ = {isa = PBXFileReference; lastKnownFileType = sourcecode.swift; path = VisitModel.swift; sourceTree = "<group>"; };
		05C9DA9E20F32FDA00D5BEAC /* EventTypeEnum.swift */ = {isa = PBXFileReference; lastKnownFileType = sourcecode.swift; path = EventTypeEnum.swift; sourceTree = "<group>"; };
		05EB4AE920F3986B00B59DA0 /* DetailTableViewCell.swift */ = {isa = PBXFileReference; lastKnownFileType = sourcecode.swift; path = DetailTableViewCell.swift; sourceTree = "<group>"; };
		05FC5E0A20F48825002E6EC2 /* CustomCalendarCell.swift */ = {isa = PBXFileReference; lastKnownFileType = sourcecode.swift; path = CustomCalendarCell.swift; sourceTree = "<group>"; };
		05FC5E0C20F48A42002E6EC2 /* ModifiedCalendarVCViewController.swift */ = {isa = PBXFileReference; lastKnownFileType = sourcecode.swift; path = ModifiedCalendarVCViewController.swift; sourceTree = "<group>"; };
		9452A95024C2D919B1089DE8 /* Pods_Calendar.framework */ = {isa = PBXFileReference; explicitFileType = wrapper.framework; includeInIndex = 0; path = Pods_Calendar.framework; sourceTree = BUILT_PRODUCTS_DIR; };
		952E0DAF180FDBC3715D81FE /* Pods-Calendar.release.xcconfig */ = {isa = PBXFileReference; includeInIndex = 1; lastKnownFileType = text.xcconfig; name = "Pods-Calendar.release.xcconfig"; path = "Pods/Target Support Files/Pods-Calendar/Pods-Calendar.release.xcconfig"; sourceTree = "<group>"; };
		EDE887D7DF5DED79AD74296A /* Pods-Calendar.debug.xcconfig */ = {isa = PBXFileReference; includeInIndex = 1; lastKnownFileType = text.xcconfig; name = "Pods-Calendar.debug.xcconfig"; path = "Pods/Target Support Files/Pods-Calendar/Pods-Calendar.debug.xcconfig"; sourceTree = "<group>"; };
/* End PBXFileReference section */

/* Begin PBXFrameworksBuildPhase section */
		0543626720F321820099E641 /* Frameworks */ = {
			isa = PBXFrameworksBuildPhase;
			buildActionMask = 2147483647;
			files = (
				8765733CA2F5ADEFA3F5CBF0 /* Pods_Calendar.framework in Frameworks */,
			);
			runOnlyForDeploymentPostprocessing = 0;
		};
/* End PBXFrameworksBuildPhase section */

/* Begin PBXGroup section */
		0543626120F321820099E641 = {
			isa = PBXGroup;
			children = (
				0543626C20F321820099E641 /* Calendar */,
				0543626B20F321820099E641 /* Products */,
				8965510C25BE1DF0789614AA /* Pods */,
				6642A389245AA7CD382A0FF1 /* Frameworks */,
			);
			sourceTree = "<group>";
		};
		0543626B20F321820099E641 /* Products */ = {
			isa = PBXGroup;
			children = (
				0543626A20F321820099E641 /* Calendar.app */,
			);
			name = Products;
			sourceTree = "<group>";
		};
		0543626C20F321820099E641 /* Calendar */ = {
			isa = PBXGroup;
			children = (
				05562AAF20F37E1000654A1B /* Info.plist */,
				05562A3620F356B800654A1B /* Calendar-Bridging-Header.h */,
				05562A3920F356C700654A1B /* Libs */,
				05562A7220F377C600654A1B /* Utils */,
				05562A7120F377BB00654A1B /* Controller */,
				05562A7020F377A200654A1B /* View */,
				05562A6F20F3779200654A1B /* Model */,
			);
			path = Calendar;
			sourceTree = "<group>";
		};
		05562A3920F356C700654A1B /* Libs */ = {
			isa = PBXGroup;
			children = (
				05562A3C20F357CA00654A1B /* FSCalendar */,
			);
			path = Libs;
			sourceTree = "<group>";
		};
		05562A3C20F357CA00654A1B /* FSCalendar */ = {
			isa = PBXGroup;
			children = (
				05562A3D20F357CA00654A1B /* FSCalendar+Deprecated.m */,
				05562A3E20F357CA00654A1B /* FSCalendar.h */,
				05562A3F20F357CA00654A1B /* FSCalendar.m */,
				05562A4020F357CA00654A1B /* FSCalendarAppearance.h */,
				05562A4120F357CA00654A1B /* FSCalendarAppearance.m */,
				05562A4220F357CA00654A1B /* FSCalendarCalculator.h */,
				05562A4320F357CA00654A1B /* FSCalendarCalculator.m */,
				05562A4420F357CA00654A1B /* FSCalendarCell.h */,
				05562A4520F357CA00654A1B /* FSCalendarCell.m */,
				05562A4620F357CA00654A1B /* FSCalendarCollectionView.h */,
				05562A4720F357CA00654A1B /* FSCalendarCollectionView.m */,
				05562A4820F357CA00654A1B /* FSCalendarCollectionViewLayout.h */,
				05562A4920F357CA00654A1B /* FSCalendarCollectionViewLayout.m */,
				05562A4A20F357CA00654A1B /* FSCalendarConstants.h */,
				05562A4B20F357CA00654A1B /* FSCalendarConstants.m */,
				05562A4C20F357CA00654A1B /* FSCalendarDelegationFactory.h */,
				05562A4D20F357CA00654A1B /* FSCalendarDelegationFactory.m */,
				05562A4E20F357CA00654A1B /* FSCalendarDelegationProxy.h */,
				05562A4F20F357CA00654A1B /* FSCalendarDelegationProxy.m */,
				05562A5020F357CA00654A1B /* FSCalendarDynamicHeader.h */,
				05562A5120F357CA00654A1B /* FSCalendarExtensions.h */,
				05562A5220F357CA00654A1B /* FSCalendarExtensions.m */,
				05562A5320F357CA00654A1B /* FSCalendarHeaderView.h */,
				05562A5420F357CA00654A1B /* FSCalendarHeaderView.m */,
				05562A5520F357CA00654A1B /* FSCalendarScopeHandle.h */,
				05562A5620F357CA00654A1B /* FSCalendarScopeHandle.m */,
				05562A5720F357CA00654A1B /* FSCalendarStickyHeader.h */,
				05562A5820F357CA00654A1B /* FSCalendarStickyHeader.m */,
				05562A5920F357CA00654A1B /* FSCalendarTransitionCoordinator.h */,
				05562A5A20F357CA00654A1B /* FSCalendarTransitionCoordinator.m */,
				05562A5B20F357CA00654A1B /* FSCalendarWeekdayView.h */,
				05562A5C20F357CA00654A1B /* FSCalendarWeekdayView.m */,
				05562A7420F37A1500654A1B /* Info.plist */,
			);
			name = FSCalendar;
			path = "../../../../../Downloads/FSCalendar-master/FSCalendar";
			sourceTree = "<group>";
		};
		05562A6F20F3779200654A1B /* Model */ = {
			isa = PBXGroup;
			children = (
				05C9DA9C20F32FB500D5BEAC /* VisitModel.swift */,
			);
			path = Model;
			sourceTree = "<group>";
		};
		05562A7020F377A200654A1B /* View */ = {
			isa = PBXGroup;
			children = (
				0543627120F321820099E641 /* Main.storyboard */,
				0543627920F3218A0099E641 /* LaunchScreen.storyboard */,
			);
			path = View;
			sourceTree = "<group>";
		};
		05562A7120F377BB00654A1B /* Controller */ = {
			isa = PBXGroup;
			children = (
				0543626D20F321820099E641 /* AppDelegate.swift */,
				0543626F20F321820099E641 /* ViewController.swift */,
				05EB4AE920F3986B00B59DA0 /* DetailTableViewCell.swift */,
				05FC5E0A20F48825002E6EC2 /* CustomCalendarCell.swift */,
				05FC5E0C20F48A42002E6EC2 /* ModifiedCalendarVCViewController.swift */,
			);
			path = Controller;
			sourceTree = "<group>";
		};
		05562A7220F377C600654A1B /* Utils */ = {
			isa = PBXGroup;
			children = (
				0543627420F321820099E641 /* Calendar.xcdatamodeld */,
				0543627720F3218A0099E641 /* Assets.xcassets */,
				05562A7320F3781800654A1B /* Enum */,
			);
			path = Utils;
			sourceTree = "<group>";
		};
		05562A7320F3781800654A1B /* Enum */ = {
			isa = PBXGroup;
			children = (
				05C9DA9E20F32FDA00D5BEAC /* EventTypeEnum.swift */,
			);
			path = Enum;
			sourceTree = "<group>";
		};
		6642A389245AA7CD382A0FF1 /* Frameworks */ = {
			isa = PBXGroup;
			children = (
				9452A95024C2D919B1089DE8 /* Pods_Calendar.framework */,
			);
			name = Frameworks;
			sourceTree = "<group>";
		};
		8965510C25BE1DF0789614AA /* Pods */ = {
			isa = PBXGroup;
			children = (
				EDE887D7DF5DED79AD74296A /* Pods-Calendar.debug.xcconfig */,
				952E0DAF180FDBC3715D81FE /* Pods-Calendar.release.xcconfig */,
			);
			name = Pods;
			sourceTree = "<group>";
		};
/* End PBXGroup section */

/* Begin PBXNativeTarget section */
		0543626920F321820099E641 /* Calendar */ = {
			isa = PBXNativeTarget;
			buildConfigurationList = 0543627F20F3218A0099E641 /* Build configuration list for PBXNativeTarget "Calendar" */;
			buildPhases = (
				BD4ADB4D5A72083A5F1FEB69 /* [CP] Check Pods Manifest.lock */,
				0543626620F321820099E641 /* Sources */,
				0543626720F321820099E641 /* Frameworks */,
				0543626820F321820099E641 /* Resources */,
			);
			buildRules = (
			);
			dependencies = (
			);
			name = Calendar;
			productName = Calendar;
			productReference = 0543626A20F321820099E641 /* Calendar.app */;
			productType = "com.apple.product-type.application";
		};
/* End PBXNativeTarget section */

/* Begin PBXProject section */
		0543626220F321820099E641 /* Project object */ = {
			isa = PBXProject;
			attributes = {
				LastSwiftUpdateCheck = 0940;
				LastUpgradeCheck = 0940;
				ORGANIZATIONNAME = "Solution Analysts";
				TargetAttributes = {
					0543626920F321820099E641 = {
						CreatedOnToolsVersion = 9.4.1;
						LastSwiftMigration = 0940;
					};
				};
			};
			buildConfigurationList = 0543626520F321820099E641 /* Build configuration list for PBXProject "Calendar" */;
			compatibilityVersion = "Xcode 9.3";
			developmentRegion = en;
			hasScannedForEncodings = 0;
			knownRegions = (
				en,
				Base,
			);
			mainGroup = 0543626120F321820099E641;
			productRefGroup = 0543626B20F321820099E641 /* Products */;
			projectDirPath = "";
			projectRoot = "";
			targets = (
				0543626920F321820099E641 /* Calendar */,
			);
		};
/* End PBXProject section */

/* Begin PBXResourcesBuildPhase section */
		0543626820F321820099E641 /* Resources */ = {
			isa = PBXResourcesBuildPhase;
			buildActionMask = 2147483647;
			files = (
				05562AB020F37E1000654A1B /* Info.plist in Resources */,
				0543627B20F3218A0099E641 /* LaunchScreen.storyboard in Resources */,
				0543627820F3218A0099E641 /* Assets.xcassets in Resources */,
				0543627320F321820099E641 /* Main.storyboard in Resources */,
			);
			runOnlyForDeploymentPostprocessing = 0;
		};
/* End PBXResourcesBuildPhase section */

/* Begin PBXShellScriptBuildPhase section */
		BD4ADB4D5A72083A5F1FEB69 /* [CP] Check Pods Manifest.lock */ = {
			isa = PBXShellScriptBuildPhase;
			buildActionMask = 2147483647;
			files = (
			);
			inputPaths = (
				"${PODS_PODFILE_DIR_PATH}/Podfile.lock",
				"${PODS_ROOT}/Manifest.lock",
			);
			name = "[CP] Check Pods Manifest.lock";
			outputPaths = (
				"$(DERIVED_FILE_DIR)/Pods-Calendar-checkManifestLockResult.txt",
			);
			runOnlyForDeploymentPostprocessing = 0;
			shellPath = /bin/sh;
			shellScript = "diff \"${PODS_PODFILE_DIR_PATH}/Podfile.lock\" \"${PODS_ROOT}/Manifest.lock\" > /dev/null\nif [ $? != 0 ] ; then\n    # print error to STDERR\n    echo \"error: The sandbox is not in sync with the Podfile.lock. Run 'pod install' or update your CocoaPods installation.\" >&2\n    exit 1\nfi\n# This output is used by Xcode 'outputs' to avoid re-running this script phase.\necho \"SUCCESS\" > \"${SCRIPT_OUTPUT_FILE_0}\"\n";
			showEnvVarsInLog = 0;
		};
/* End PBXShellScriptBuildPhase section */

/* Begin PBXSourcesBuildPhase section */
		0543626620F321820099E641 /* Sources */ = {
			isa = PBXSourcesBuildPhase;
			buildActionMask = 2147483647;
			files = (
				05C9DA9F20F32FDA00D5BEAC /* EventTypeEnum.swift in Sources */,
				05562A6620F357CA00654A1B /* FSCalendarDelegationFactory.m in Sources */,
				05562A5F20F357CA00654A1B /* FSCalendar.m in Sources */,
				05562A6120F357CA00654A1B /* FSCalendarCalculator.m in Sources */,
				05562A6820F357CA00654A1B /* FSCalendarExtensions.m in Sources */,
				05562A5E20F357CA00654A1B /* FSCalendar+Deprecated.m in Sources */,
				05562A6C20F357CA00654A1B /* FSCalendarTransitionCoordinator.m in Sources */,
				05FC5E0B20F48825002E6EC2 /* CustomCalendarCell.swift in Sources */,
				05562A6220F357CA00654A1B /* FSCalendarCell.m in Sources */,
				05562A6720F357CA00654A1B /* FSCalendarDelegationProxy.m in Sources */,
				05562A6520F357CA00654A1B /* FSCalendarConstants.m in Sources */,
				05EB4AEA20F3986B00B59DA0 /* DetailTableViewCell.swift in Sources */,
				05FC5E0D20F48A42002E6EC2 /* ModifiedCalendarVCViewController.swift in Sources */,
				0543627020F321820099E641 /* ViewController.swift in Sources */,
				05562A6420F357CA00654A1B /* FSCalendarCollectionViewLayout.m in Sources */,
				05562A6320F357CA00654A1B /* FSCalendarCollectionView.m in Sources */,
				05562A6D20F357CA00654A1B /* FSCalendarWeekdayView.m in Sources */,
				05562A6020F357CA00654A1B /* FSCalendarAppearance.m in Sources */,
				0543627620F321820099E641 /* Calendar.xcdatamodeld in Sources */,
				05562A6B20F357CA00654A1B /* FSCalendarStickyHeader.m in Sources */,
				0543626E20F321820099E641 /* AppDelegate.swift in Sources */,
				05562A6920F357CA00654A1B /* FSCalendarHeaderView.m in Sources */,
				05C9DA9D20F32FB500D5BEAC /* VisitModel.swift in Sources */,
				05562A6A20F357CA00654A1B /* FSCalendarScopeHandle.m in Sources */,
			);
			runOnlyForDeploymentPostprocessing = 0;
		};
/* End PBXSourcesBuildPhase section */

/* Begin PBXVariantGroup section */
		0543627120F321820099E641 /* Main.storyboard */ = {
			isa = PBXVariantGroup;
			children = (
				0543627220F321820099E641 /* Base */,
			);
			name = Main.storyboard;
			sourceTree = "<group>";
		};
		0543627920F3218A0099E641 /* LaunchScreen.storyboard */ = {
			isa = PBXVariantGroup;
			children = (
				0543627A20F3218A0099E641 /* Base */,
			);
			name = LaunchScreen.storyboard;
			sourceTree = "<group>";
		};
/* End PBXVariantGroup section */

/* Begin XCBuildConfiguration section */
		0543627D20F3218A0099E641 /* Debug */ = {
			isa = XCBuildConfiguration;
			buildSettings = {
				ALWAYS_SEARCH_USER_PATHS = NO;
				CLANG_ANALYZER_NONNULL = YES;
				CLANG_ANALYZER_NUMBER_OBJECT_CONVERSION = YES_AGGRESSIVE;
				CLANG_CXX_LANGUAGE_STANDARD = "gnu++14";
				CLANG_CXX_LIBRARY = "libc++";
				CLANG_ENABLE_MODULES = YES;
				CLANG_ENABLE_OBJC_ARC = YES;
				CLANG_ENABLE_OBJC_WEAK = YES;
				CLANG_WARN_BLOCK_CAPTURE_AUTORELEASING = YES;
				CLANG_WARN_BOOL_CONVERSION = YES;
				CLANG_WARN_COMMA = YES;
				CLANG_WARN_CONSTANT_CONVERSION = YES;
				CLANG_WARN_DEPRECATED_OBJC_IMPLEMENTATIONS = YES;
				CLANG_WARN_DIRECT_OBJC_ISA_USAGE = YES_ERROR;
				CLANG_WARN_DOCUMENTATION_COMMENTS = YES;
				CLANG_WARN_EMPTY_BODY = YES;
				CLANG_WARN_ENUM_CONVERSION = YES;
				CLANG_WARN_INFINITE_RECURSION = YES;
				CLANG_WARN_INT_CONVERSION = YES;
				CLANG_WARN_NON_LITERAL_NULL_CONVERSION = YES;
				CLANG_WARN_OBJC_IMPLICIT_RETAIN_SELF = YES;
				CLANG_WARN_OBJC_LITERAL_CONVERSION = YES;
				CLANG_WARN_OBJC_ROOT_CLASS = YES_ERROR;
				CLANG_WARN_RANGE_LOOP_ANALYSIS = YES;
				CLANG_WARN_STRICT_PROTOTYPES = YES;
				CLANG_WARN_SUSPICIOUS_MOVE = YES;
				CLANG_WARN_UNGUARDED_AVAILABILITY = YES_AGGRESSIVE;
				CLANG_WARN_UNREACHABLE_CODE = YES;
				CLANG_WARN__DUPLICATE_METHOD_MATCH = YES;
				CODE_SIGN_IDENTITY = "iPhone Developer";
				COPY_PHASE_STRIP = NO;
				DEBUG_INFORMATION_FORMAT = dwarf;
				ENABLE_STRICT_OBJC_MSGSEND = YES;
				ENABLE_TESTABILITY = YES;
				GCC_C_LANGUAGE_STANDARD = gnu11;
				GCC_DYNAMIC_NO_PIC = NO;
				GCC_NO_COMMON_BLOCKS = YES;
				GCC_OPTIMIZATION_LEVEL = 0;
				GCC_PREPROCESSOR_DEFINITIONS = (
					"DEBUG=1",
					"$(inherited)",
				);
				GCC_WARN_64_TO_32_BIT_CONVERSION = YES;
				GCC_WARN_ABOUT_RETURN_TYPE = YES_ERROR;
				GCC_WARN_UNDECLARED_SELECTOR = YES;
				GCC_WARN_UNINITIALIZED_AUTOS = YES_AGGRESSIVE;
				GCC_WARN_UNUSED_FUNCTION = YES;
				GCC_WARN_UNUSED_VARIABLE = YES;
				IPHONEOS_DEPLOYMENT_TARGET = 11.4;
				MTL_ENABLE_DEBUG_INFO = YES;
				ONLY_ACTIVE_ARCH = YES;
				SDKROOT = iphoneos;
				SWIFT_ACTIVE_COMPILATION_CONDITIONS = DEBUG;
				SWIFT_OPTIMIZATION_LEVEL = "-Onone";
			};
			name = Debug;
		};
		0543627E20F3218A0099E641 /* Release */ = {
			isa = XCBuildConfiguration;
			buildSettings = {
				ALWAYS_SEARCH_USER_PATHS = NO;
				CLANG_ANALYZER_NONNULL = YES;
				CLANG_ANALYZER_NUMBER_OBJECT_CONVERSION = YES_AGGRESSIVE;
				CLANG_CXX_LANGUAGE_STANDARD = "gnu++14";
				CLANG_CXX_LIBRARY = "libc++";
				CLANG_ENABLE_MODULES = YES;
				CLANG_ENABLE_OBJC_ARC = YES;
				CLANG_ENABLE_OBJC_WEAK = YES;
				CLANG_WARN_BLOCK_CAPTURE_AUTORELEASING = YES;
				CLANG_WARN_BOOL_CONVERSION = YES;
				CLANG_WARN_COMMA = YES;
				CLANG_WARN_CONSTANT_CONVERSION = YES;
				CLANG_WARN_DEPRECATED_OBJC_IMPLEMENTATIONS = YES;
				CLANG_WARN_DIRECT_OBJC_ISA_USAGE = YES_ERROR;
				CLANG_WARN_DOCUMENTATION_COMMENTS = YES;
				CLANG_WARN_EMPTY_BODY = YES;
				CLANG_WARN_ENUM_CONVERSION = YES;
				CLANG_WARN_INFINITE_RECURSION = YES;
				CLANG_WARN_INT_CONVERSION = YES;
				CLANG_WARN_NON_LITERAL_NULL_CONVERSION = YES;
				CLANG_WARN_OBJC_IMPLICIT_RETAIN_SELF = YES;
				CLANG_WARN_OBJC_LITERAL_CONVERSION = YES;
				CLANG_WARN_OBJC_ROOT_CLASS = YES_ERROR;
				CLANG_WARN_RANGE_LOOP_ANALYSIS = YES;
				CLANG_WARN_STRICT_PROTOTYPES = YES;
				CLANG_WARN_SUSPICIOUS_MOVE = YES;
				CLANG_WARN_UNGUARDED_AVAILABILITY = YES_AGGRESSIVE;
				CLANG_WARN_UNREACHABLE_CODE = YES;
				CLANG_WARN__DUPLICATE_METHOD_MATCH = YES;
				CODE_SIGN_IDENTITY = "iPhone Developer";
				COPY_PHASE_STRIP = NO;
				DEBUG_INFORMATION_FORMAT = "dwarf-with-dsym";
				ENABLE_NS_ASSERTIONS = NO;
				ENABLE_STRICT_OBJC_MSGSEND = YES;
				GCC_C_LANGUAGE_STANDARD = gnu11;
				GCC_NO_COMMON_BLOCKS = YES;
				GCC_WARN_64_TO_32_BIT_CONVERSION = YES;
				GCC_WARN_ABOUT_RETURN_TYPE = YES_ERROR;
				GCC_WARN_UNDECLARED_SELECTOR = YES;
				GCC_WARN_UNINITIALIZED_AUTOS = YES_AGGRESSIVE;
				GCC_WARN_UNUSED_FUNCTION = YES;
				GCC_WARN_UNUSED_VARIABLE = YES;
				IPHONEOS_DEPLOYMENT_TARGET = 11.4;
				MTL_ENABLE_DEBUG_INFO = NO;
				SDKROOT = iphoneos;
				SWIFT_COMPILATION_MODE = wholemodule;
				SWIFT_OPTIMIZATION_LEVEL = "-O";
				VALIDATE_PRODUCT = YES;
			};
			name = Release;
		};
		0543628020F3218A0099E641 /* Debug */ = {
			isa = XCBuildConfiguration;
			baseConfigurationReference = EDE887D7DF5DED79AD74296A /* Pods-Calendar.debug.xcconfig */;
			buildSettings = {
				ASSETCATALOG_COMPILER_APPICON_NAME = AppIcon;
				CLANG_ENABLE_MODULES = YES;
				CODE_SIGN_STYLE = Automatic;
				INFOPLIST_FILE = "$(SRCROOT)/Info.plist";
				LD_RUNPATH_SEARCH_PATHS = (
					"$(inherited)",
					"@executable_path/Frameworks",
				);
				PRODUCT_BUNDLE_IDENTIFIER = com.solutionanalysts.Calendar;
				PRODUCT_NAME = "$(TARGET_NAME)";
				SWIFT_OBJC_BRIDGING_HEADER = "Calendar/Calendar-Bridging-Header.h";
				SWIFT_OPTIMIZATION_LEVEL = "-Onone";
				SWIFT_VERSION = 4.0;
				TARGETED_DEVICE_FAMILY = "1,2";
			};
			name = Debug;
		};
		0543628120F3218A0099E641 /* Release */ = {
			isa = XCBuildConfiguration;
			baseConfigurationReference = 952E0DAF180FDBC3715D81FE /* Pods-Calendar.release.xcconfig */;
			buildSettings = {
				ASSETCATALOG_COMPILER_APPICON_NAME = AppIcon;
				CLANG_ENABLE_MODULES = YES;
				CODE_SIGN_STYLE = Automatic;
				INFOPLIST_FILE = "$(SRCROOT)/Info.plist";
				LD_RUNPATH_SEARCH_PATHS = (
					"$(inherited)",
					"@executable_path/Frameworks",
				);
				PRODUCT_BUNDLE_IDENTIFIER = com.solutionanalysts.Calendar;
				PRODUCT_NAME = "$(TARGET_NAME)";
				SWIFT_OBJC_BRIDGING_HEADER = "Calendar/Calendar-Bridging-Header.h";
				SWIFT_VERSION = 4.0;
				TARGETED_DEVICE_FAMILY = "1,2";
			};
			name = Release;
		};
/* End XCBuildConfiguration section */

/* Begin XCConfigurationList section */
		0543626520F321820099E641 /* Build configuration list for PBXProject "Calendar" */ = {
			isa = XCConfigurationList;
			buildConfigurations = (
				0543627D20F3218A0099E641 /* Debug */,
				0543627E20F3218A0099E641 /* Release */,
			);
			defaultConfigurationIsVisible = 0;
			defaultConfigurationName = Release;
		};
		0543627F20F3218A0099E641 /* Build configuration list for PBXNativeTarget "Calendar" */ = {
			isa = XCConfigurationList;
			buildConfigurations = (
				0543628020F3218A0099E641 /* Debug */,
				0543628120F3218A0099E641 /* Release */,
			);
			defaultConfigurationIsVisible = 0;
			defaultConfigurationName = Release;
		};
/* End XCConfigurationList section */

/* Begin XCVersionGroup section */
		0543627420F321820099E641 /* Calendar.xcdatamodeld */ = {
			isa = XCVersionGroup;
			children = (
				0543627520F321820099E641 /* Calendar.xcdatamodel */,
			);
			currentVersion = 0543627520F321820099E641 /* Calendar.xcdatamodel */;
			path = Calendar.xcdatamodeld;
			sourceTree = "<group>";
			versionGroupType = wrapper.xcdatamodel;
		};
/* End XCVersionGroup section */
	};
	rootObject = 0543626220F321820099E641 /* Project object */;
}
